PODS:
  - Simctl (0.2.0):
    - SimctlShared (~> 0.2.0)
    - Swifter (~> 1.4.7)
  - SimctlShared (0.2.0)
  - SnapshotTesting (1.7.2)
  - Swifter (1.4.7)

DEPENDENCIES:
  - Simctl (~> 0.2.0)
  - SnapshotTesting (~> 1.7.2)

SPEC REPOS:
  trunk:
    - Simctl
    - SimctlShared
    - SnapshotTesting
    - Swifter

SPEC CHECKSUMS:
  Simctl: 175646dc710cc28331404dbfd28e1d579544649e
  SimctlShared: 95e849d570aea68d19694703c509df3bc2efa522
  SnapshotTesting: 8caa6661fea7c8019d5b46de77c16bab99c36c5c
  Swifter: 2327ef5d872c638aebab79646ce494af508b0c8f

PODFILE CHECKSUM: 407b2faf2d1027db2781faf32a9ac5961b4370c5

COCOAPODS: 1.9.1
